// !$*UTF8*$!
{
	archiveVersion = 1;
	classes = {
	};
	objectVersion = 46;
	objects = {

/* Begin PBXBuildFile section */
		F46BE7AC1EAAFC42000262F4 /* AppDelegate.swift in Sources */ = {isa = PBXBuildFile; fileRef = F46BE7AB1EAAFC42000262F4 /* AppDelegate.swift */; };
		F46BE7AE1EAAFC42000262F4 /* ViewController.swift in Sources */ = {isa = PBXBuildFile; fileRef = F46BE7AD1EAAFC42000262F4 /* ViewController.swift */; };
		F46BE7B11EAAFC42000262F4 /* Main.storyboard in Resources */ = {isa = PBXBuildFile; fileRef = F46BE7AF1EAAFC42000262F4 /* Main.storyboard */; };
		F46BE7B31EAAFC42000262F4 /* Assets.xcassets in Resources */ = {isa = PBXBuildFile; fileRef = F46BE7B21EAAFC42000262F4 /* Assets.xcassets */; };
		F46BE7B61EAAFC42000262F4 /* LaunchScreen.storyboard in Resources */ = {isa = PBXBuildFile; fileRef = F46BE7B41EAAFC42000262F4 /* LaunchScreen.storyboard */; };
		F46BE7BE1EAB017F000262F4 /* pokemon.csv in Resources */ = {isa = PBXBuildFile; fileRef = F46BE7BD1EAB017F000262F4 /* pokemon.csv */; };
/* End PBXBuildFile section */

/* Begin PBXFileReference section */
		F46BE7A81EAAFC42000262F4 /* Pokedex.app */ = {isa = PBXFileReference; explicitFileType = wrapper.application; includeInIndex = 0; path = Pokedex.app; sourceTree = BUILT_PRODUCTS_DIR; };
		F46BE7AB1EAAFC42000262F4 /* AppDelegate.swift */ = {isa = PBXFileReference; lastKnownFileType = sourcecode.swift; path = AppDelegate.swift; sourceTree = "<group>"; };
		F46BE7AD1EAAFC42000262F4 /* ViewController.swift */ = {isa = PBXFileReference; lastKnownFileType = sourcecode.swift; path = ViewController.swift; sourceTree = "<group>"; };
		F46BE7B01EAAFC42000262F4 /* Base */ = {isa = PBXFileReference; lastKnownFileType = file.storyboard; name = Base; path = Base.lproj/Main.storyboard; sourceTree = "<group>"; };
		F46BE7B21EAAFC42000262F4 /* Assets.xcassets */ = {isa = PBXFileReference; lastKnownFileType = folder.assetcatalog; path = Assets.xcassets; sourceTree = "<group>"; };
		F46BE7B51EAAFC42000262F4 /* Base */ = {isa = PBXFileReference; lastKnownFileType = file.storyboard; name = Base; path = Base.lproj/LaunchScreen.storyboard; sourceTree = "<group>"; };
		F46BE7B71EAAFC42000262F4 /* Info.plist */ = {isa = PBXFileReference; lastKnownFileType = text.plist.xml; path = Info.plist; sourceTree = "<group>"; };
		F46BE7BD1EAB017F000262F4 /* pokemon.csv */ = {isa = PBXFileReference; fileEncoding = 4; lastKnownFileType = text; path = pokemon.csv; sourceTree = "<group>"; };
/* End PBXFileReference section */

/* Begin PBXFrameworksBuildPhase section */
		F46BE7A51EAAFC42000262F4 /* Frameworks */ = {
			isa = PBXFrameworksBuildPhase;
			buildActionMask = 2147483647;
			files = (
			);
			runOnlyForDeploymentPostprocessing = 0;
		};
/* End PBXFrameworksBuildPhase section */

/* Begin PBXGroup section */
		F46BE79F1EAAFC42000262F4 = {
			isa = PBXGroup;
			children = (
				F46BE7BD1EAB017F000262F4 /* pokemon.csv */,
				F46BE7AA1EAAFC42000262F4 /* Pokedex */,
				F46BE7A91EAAFC42000262F4 /* Products */,
			);
			sourceTree = "<group>";
		};
		F46BE7A91EAAFC42000262F4 /* Products */ = {
			isa = PBXGroup;
			children = (
				F46BE7A81EAAFC42000262F4 /* Pokedex.app */,
			);
			name = Products;
			sourceTree = "<group>";
		};
		F46BE7AA1EAAFC42000262F4 /* Pokedex */ = {
			isa = PBXGroup;
			children = (
				F46BE7AB1EAAFC42000262F4 /* AppDelegate.swift */,
				F46BE7AD1EAAFC42000262F4 /* ViewController.swift */,
				F46BE7AF1EAAFC42000262F4 /* Main.storyboard */,
				F46BE7B21EAAFC42000262F4 /* Assets.xcassets */,
				F46BE7B41EAAFC42000262F4 /* LaunchScreen.storyboard */,
				F46BE7B71EAAFC42000262F4 /* Info.plist */,
			);
			path = Pokedex;
			sourceTree = "<group>";
		};
/* End PBXGroup section */

/* Begin PBXNativeTarget section */
		F46BE7A71EAAFC42000262F4 /* Pokedex */ = {
			isa = PBXNativeTarget;
			buildConfigurationList = F46BE7BA1EAAFC42000262F4 /* Build configuration list for PBXNativeTarget "Pokedex" */;
			buildPhases = (
				F46BE7A41EAAFC42000262F4 /* Sources */,
				F46BE7A51EAAFC42000262F4 /* Frameworks */,
				F46BE7A61EAAFC42000262F4 /* Resources */,
			);
			buildRules = (
			);
			dependencies = (
			);
			name = Pokedex;
			productName = Pokedex;
			productReference = F46BE7A81EAAFC42000262F4 /* Pokedex.app */;
			productType = "com.apple.product-type.application";
		};
/* End PBXNativeTarget section */

/* Begin PBXProject section */
		F46BE7A01EAAFC42000262F4 /* Project object */ = {
			isa = PBXProject;
			attributes = {
				LastSwiftUpdateCheck = 0820;
				LastUpgradeCheck = 0820;
				ORGANIZATIONNAME = "Sukrit Gulati";
				TargetAttributes = {
					F46BE7A71EAAFC42000262F4 = {
						CreatedOnToolsVersion = 8.2.1;
						DevelopmentTeam = 3YJRVWQQLZ;
						ProvisioningStyle = Automatic;
					};
				};
			};
			buildConfigurationList = F46BE7A31EAAFC42000262F4 /* Build configuration list for PBXProject "Pokedex" */;
			compatibilityVersion = "Xcode 3.2";
			developmentRegion = English;
			hasScannedForEncodings = 0;
			knownRegions = (
				en,
				Base,
			);
			mainGroup = F46BE79F1EAAFC42000262F4;
			productRefGroup = F46BE7A91EAAFC42000262F4 /* Products */;
			projectDirPath = "";
			projectRoot = "";
			targets = (
				F46BE7A71EAAFC42000262F4 /* Pokedex */,
			);
		};
/* End PBXProject section */

/* Begin PBXResourcesBuildPhase section */
		F46BE7A61EAAFC42000262F4 /* Resources */ = {
			isa = PBXResourcesBuildPhase;
			buildActionMask = 2147483647;
			files = (
				F46BE7B61EAAFC42000262F4 /* LaunchScreen.storyboard in Resources */,
				F46BE7B31EAAFC42000262F4 /* Assets.xcassets in Resources */,
				F46BE7BE1EAB017F000262F4 /* pokemon.csv in Resources */,
				F46BE7B11EAAFC42000262F4 /* Main.storyboard in Resources */,
			);
			runOnlyForDeploymentPostprocessing = 0;
		};
/* End PBXResourcesBuildPhase section */

/* Begin PBXSourcesBuildPhase section */
		F46BE7A41EAAFC42000262F4 /* Sources */ = {
			isa = PBXSourcesBuildPhase;
			buildActionMask = 2147483647;
			files = (
				F46BE7AE1EAAFC42000262F4 /* ViewController.swift in Sources */,
				F46BE7AC1EAAFC42000262F4 /* AppDelegate.swift in Sources */,
			);
			runOnlyForDeploymentPostprocessing = 0;
		};
/* End PBXSourcesBuildPhase section */

/* Begin PBXVariantGroup section */
		F46BE7AF1EAAFC42000262F4 /* Main.storyboard */ = {
			isa = PBXVariantGroup;
			children = (
				F46BE7B01EAAFC42000262F4 /* Base */,
			);
			name = Main.storyboard;
			sourceTree = "<group>";
		};
		F46BE7B41EAAFC42000262F4 /* LaunchScreen.storyboard */ = {
			isa = PBXVariantGroup;
			children = (
				F46BE7B51EAAFC42000262F4 /* Base */,
			);
			name = LaunchScreen.storyboard;
			sourceTree = "<group>";
		};
/* End PBXVariantGroup section */

/* Begin XCBuildConfiguration section */
		F46BE7B81EAAFC42000262F4 /* Debug */ = {
			isa = XCBuildConfiguration;
			buildSettings = {
				ALWAYS_SEARCH_USER_PATHS = NO;
				CLANG_ANALYZER_NONNULL = YES;
				CLANG_CXX_LANGUAGE_STANDARD = "gnu++0x";
				CLANG_CXX_LIBRARY = "libc++";
				CLANG_ENABLE_MODULES = YES;
				CLANG_ENABLE_OBJC_ARC = YES;
				CLANG_WARN_BOOL_CONVERSION = YES;
				CLANG_WARN_CONSTANT_CONVERSION = YES;
				CLANG_WARN_DIRECT_OBJC_ISA_USAGE = YES_ERROR;
				CLANG_WARN_DOCUMENTATION_COMMENTS = YES;
				CLANG_WARN_EMPTY_BODY = YES;
				CLANG_WARN_ENUM_CONVERSION = YES;
				CLANG_WARN_INFINITE_RECURSION = YES;
				CLANG_WARN_INT_CONVERSION = YES;
				CLANG_WARN_OBJC_ROOT_CLASS = YES_ERROR;
				CLANG_WARN_SUSPICIOUS_MOVE = YES;
				CLANG_WARN_UNREACHABLE_CODE = YES;
				CLANG_WARN__DUPLICATE_METHOD_MATCH = YES;
				"CODE_SIGN_IDENTITY[sdk=iphoneos*]" = "iPhone Developer";
				COPY_PHASE_STRIP = NO;
				DEBUG_INFORMATION_FORMAT = dwarf;
				ENABLE_STRICT_OBJC_MSGSEND = YES;
				ENABLE_TESTABILITY = YES;
				GCC_C_LANGUAGE_STANDARD = gnu99;
				GCC_DYNAMIC_NO_PIC = NO;
				GCC_NO_COMMON_BLOCKS = YES;
				GCC_OPTIMIZATION_LEVEL = 0;
				GCC_PREPROCESSOR_DEFINITIONS = (
					"DEBUG=1",
					"$(inherited)",
				);
				GCC_WARN_64_TO_32_BIT_CONVERSION = YES;
				GCC_WARN_ABOUT_RETURN_TYPE = YES_ERROR;
				GCC_WARN_UNDECLARED_SELECTOR = YES;
				GCC_WARN_UNINITIALIZED_AUTOS = YES_AGGRESSIVE;
				GCC_WARN_UNUSED_FUNCTION = YES;
				GCC_WARN_UNUSED_VARIABLE = YES;
				IPHONEOS_DEPLOYMENT_TARGET = 10.2;
				MTL_ENABLE_DEBUG_INFO = YES;
				ONLY_ACTIVE_ARCH = YES;
				SDKROOT = iphoneos;
				SWIFT_ACTIVE_COMPILATION_CONDITIONS = DEBUG;
				SWIFT_OPTIMIZATION_LEVEL = "-Onone";
				TARGETED_DEVICE_FAMILY = "1,2";
			};
			name = Debug;
		};
		F46BE7B91EAAFC42000262F4 /* Release */ = {
			isa = XCBuildConfiguration;
			buildSettings = {
				ALWAYS_SEARCH_USER_PATHS = NO;
				CLANG_ANALYZER_NONNULL = YES;
				CLANG_CXX_LANGUAGE_STANDARD = "gnu++0x";
				CLANG_CXX_LIBRARY = "libc++";
				CLANG_ENABLE_MODULES = YES;
				CLANG_ENABLE_OBJC_ARC = YES;
				CLANG_WARN_BOOL_CONVERSION = YES;
				CLANG_WARN_CONSTANT_CONVERSION = YES;
				CLANG_WARN_DIRECT_OBJC_ISA_USAGE = YES_ERROR;
				CLANG_WARN_DOCUMENTATION_COMMENTS = YES;
				CLANG_WARN_EMPTY_BODY = YES;
				CLANG_WARN_ENUM_CONVERSION = YES;
				CLANG_WARN_INFINITE_RECURSION = YES;
				CLANG_WARN_INT_CONVERSION = YES;
				CLANG_WARN_OBJC_ROOT_CLASS = YES_ERROR;
				CLANG_WARN_SUSPICIOUS_MOVE = YES;
				CLANG_WARN_UNREACHABLE_CODE = YES;
				CLANG_WARN__DUPLICATE_METHOD_MATCH = YES;
				"CODE_SIGN_IDENTITY[sdk=iphoneos*]" = "iPhone Developer";
				COPY_PHASE_STRIP = NO;
				DEBUG_INFORMATION_FORMAT = "dwarf-with-dsym";
				ENABLE_NS_ASSERTIONS = NO;
				ENABLE_STRICT_OBJC_MSGSEND = YES;
				GCC_C_LANGUAGE_STANDARD = gnu99;
				GCC_NO_COMMON_BLOCKS = YES;
				GCC_WARN_64_TO_32_BIT_CONVERSION = YES;
				GCC_WARN_ABOUT_RETURN_TYPE = YES_ERROR;
				GCC_WARN_UNDECLARED_SELECTOR = YES;
				GCC_WARN_UNINITIALIZED_AUTOS = YES_AGGRESSIVE;
				GCC_WARN_UNUSED_FUNCTION = YES;
				GCC_WARN_UNUSED_VARIABLE = YES;
				IPHONEOS_DEPLOYMENT_TARGET = 10.2;
				MTL_ENABLE_DEBUG_INFO = NO;
				SDKROOT = iphoneos;
				SWIFT_OPTIMIZATION_LEVEL = "-Owholemodule";
				TARGETED_DEVICE_FAMILY = "1,2";
				VALIDATE_PRODUCT = YES;
			};
			name = Release;
		};
		F46BE7BB1EAAFC42000262F4 /* Debug */ = {
			isa = XCBuildConfiguration;
			buildSettings = {
				ASSETCATALOG_COMPILER_APPICON_NAME = AppIcon;
				DEVELOPMENT_TEAM = 3YJRVWQQLZ;
				INFOPLIST_FILE = Pokedex/Info.plist;
				LD_RUNPATH_SEARCH_PATHS = "$(inherited) @executable_path/Frameworks";
				PRODUCT_BUNDLE_IDENTIFIER = com.gulati.Pokedex;
				PRODUCT_NAME = "$(TARGET_NAME)";
				SWIFT_VERSION = 3.0;
			};
			name = Debug;
		};
		F46BE7BC1EAAFC42000262F4 /* Release */ = {
			isa = XCBuildConfiguration;
			buildSettings = {
				ASSETCATALOG_COMPILER_APPICON_NAME = AppIcon;
				DEVELOPMENT_TEAM = 3YJRVWQQLZ;
				INFOPLIST_FILE = Pokedex/Info.plist;
				LD_RUNPATH_SEARCH_PATHS = "$(inherited) @executable_path/Frameworks";
				PRODUCT_BUNDLE_IDENTIFIER = com.gulati.Pokedex;
				PRODUCT_NAME = "$(TARGET_NAME)";
				SWIFT_VERSION = 3.0;
			};
			name = Release;
		};
/* End XCBuildConfiguration section */

/* Begin XCConfigurationList section */
		F46BE7A31EAAFC42000262F4 /* Build configuration list for PBXProject "Pokedex" */ = {
			isa = XCConfigurationList;
			buildConfigurations = (
				F46BE7B81EAAFC42000262F4 /* Debug */,
				F46BE7B91EAAFC42000262F4 /* Release */,
			);
			defaultConfigurationIsVisible = 0;
			defaultConfigurationName = Release;
		};
		F46BE7BA1EAAFC42000262F4 /* Build configuration list for PBXNativeTarget "Pokedex" */ = {
			isa = XCConfigurationList;
			buildConfigurations = (
				F46BE7BB1EAAFC42000262F4 /* Debug */,
				F46BE7BC1EAAFC42000262F4 /* Release */,
			);
			defaultConfigurationIsVisible = 0;
		};
/* End XCConfigurationList section */
	};
	rootObject = F46BE7A01EAAFC42000262F4 /* Project object */;
}
